// !$*UTF8*$!
{
	archiveVersion = 1;
	classes = {
	};
	objectVersion = 55;
	objects = {

/* Begin PBXBuildFile section */
		DC4C64EB2C074B3900C679CC /* CharacterListInteractorTests.swift in Sources */ = {isa = PBXBuildFile; fileRef = DC4C64EA2C074B3800C679CC /* CharacterListInteractorTests.swift */; };
		DC4C64ED2C07C1EA00C679CC /* UIViewController+Extension.swift in Sources */ = {isa = PBXBuildFile; fileRef = DC4C64EC2C07C1EA00C679CC /* UIViewController+Extension.swift */; };
		DCAB12FC2BFF846500390F27 /* AppDelegate.swift in Sources */ = {isa = PBXBuildFile; fileRef = DCAB12FB2BFF846500390F27 /* AppDelegate.swift */; };
		DCAB12FE2BFF846500390F27 /* SceneDelegate.swift in Sources */ = {isa = PBXBuildFile; fileRef = DCAB12FD2BFF846500390F27 /* SceneDelegate.swift */; };
		DCAB13052BFF846600390F27 /* Assets.xcassets in Resources */ = {isa = PBXBuildFile; fileRef = DCAB13042BFF846600390F27 /* Assets.xcassets */; };
		DCAB13082BFF846600390F27 /* Base in Resources */ = {isa = PBXBuildFile; fileRef = DCAB13072BFF846600390F27 /* Base */; };
		DCAB13322BFF858100390F27 /* CharacterListViewController.swift in Sources */ = {isa = PBXBuildFile; fileRef = DCAB13312BFF858100390F27 /* CharacterListViewController.swift */; };
		DCAB13342BFF858500390F27 /* CharacterListViewController.storyboard in Resources */ = {isa = PBXBuildFile; fileRef = DCAB13332BFF858500390F27 /* CharacterListViewController.storyboard */; };
		DCAB13362BFF858F00390F27 /* CharacterListInteractor.swift in Sources */ = {isa = PBXBuildFile; fileRef = DCAB13352BFF858F00390F27 /* CharacterListInteractor.swift */; };
		DCAB13382BFF859700390F27 /* CharacterListPresenter.swift in Sources */ = {isa = PBXBuildFile; fileRef = DCAB13372BFF859700390F27 /* CharacterListPresenter.swift */; };
		DCAB133A2BFF85AD00390F27 /* CharacterDetailsViewController.swift in Sources */ = {isa = PBXBuildFile; fileRef = DCAB13392BFF85AD00390F27 /* CharacterDetailsViewController.swift */; };
		DCAB133C2BFF85B100390F27 /* CharacterDetailsViewController.storyboard in Resources */ = {isa = PBXBuildFile; fileRef = DCAB133B2BFF85B100390F27 /* CharacterDetailsViewController.storyboard */; };
		DCAB133E2BFF85BC00390F27 /* CharacterDetailsInteractor.swift in Sources */ = {isa = PBXBuildFile; fileRef = DCAB133D2BFF85BC00390F27 /* CharacterDetailsInteractor.swift */; };
		DCAB13402BFF85C300390F27 /* CharacterDetailsPresenter.swift in Sources */ = {isa = PBXBuildFile; fileRef = DCAB133F2BFF85C300390F27 /* CharacterDetailsPresenter.swift */; };
		DCB485292C045FCC0095DEEE /* CharacterListTableViewCell.swift in Sources */ = {isa = PBXBuildFile; fileRef = DCB485272C045FCC0095DEEE /* CharacterListTableViewCell.swift */; };
		DCB4852A2C045FCC0095DEEE /* CharacterListTableViewCell.xib in Resources */ = {isa = PBXBuildFile; fileRef = DCB485282C045FCC0095DEEE /* CharacterListTableViewCell.xib */; };
		DCB4852D2C047D140095DEEE /* NetworkManager.swift in Sources */ = {isa = PBXBuildFile; fileRef = DCB4852C2C047D140095DEEE /* NetworkManager.swift */; };
		DCB4852F2C047D810095DEEE /* APIEndpoints.swift in Sources */ = {isa = PBXBuildFile; fileRef = DCB4852E2C047D810095DEEE /* APIEndpoints.swift */; };
		DCB485312C047DF60095DEEE /* Endpoint.swift in Sources */ = {isa = PBXBuildFile; fileRef = DCB485302C047DF60095DEEE /* Endpoint.swift */; };
		DCB485332C04814D0095DEEE /* Character.swift in Sources */ = {isa = PBXBuildFile; fileRef = DCB485322C04814D0095DEEE /* Character.swift */; };
		DCB485362C0483E80095DEEE /* UIImageView+Extension.swift in Sources */ = {isa = PBXBuildFile; fileRef = DCB485352C0483E80095DEEE /* UIImageView+Extension.swift */; };
		DCB4853D2C05E5E10095DEEE /* Episode.swift in Sources */ = {isa = PBXBuildFile; fileRef = DCB4853C2C05E5E10095DEEE /* Episode.swift */; };
		DCB485402C05F73E0095DEEE /* EpisodeTableViewCell.swift in Sources */ = {isa = PBXBuildFile; fileRef = DCB4853E2C05F73E0095DEEE /* EpisodeTableViewCell.swift */; };
		DCB485412C05F73E0095DEEE /* EpisodeTableViewCell.xib in Resources */ = {isa = PBXBuildFile; fileRef = DCB4853F2C05F73E0095DEEE /* EpisodeTableViewCell.xib */; };
		DCB4854A2C0645CD0095DEEE /* EpisodeCollectionViewCell.swift in Sources */ = {isa = PBXBuildFile; fileRef = DCB485482C0645CD0095DEEE /* EpisodeCollectionViewCell.swift */; };
		DCB4854B2C0645CD0095DEEE /* EpisodeCollectionViewCell.xib in Resources */ = {isa = PBXBuildFile; fileRef = DCB485492C0645CD0095DEEE /* EpisodeCollectionViewCell.xib */; };
/* End PBXBuildFile section */

/* Begin PBXContainerItemProxy section */
		DCAB130F2BFF846600390F27 /* PBXContainerItemProxy */ = {
			isa = PBXContainerItemProxy;
			containerPortal = DCAB12F02BFF846500390F27 /* Project object */;
			proxyType = 1;
			remoteGlobalIDString = DCAB12F72BFF846500390F27;
			remoteInfo = RickAndMorty;
		};
		DCAB13192BFF846600390F27 /* PBXContainerItemProxy */ = {
			isa = PBXContainerItemProxy;
			containerPortal = DCAB12F02BFF846500390F27 /* Project object */;
			proxyType = 1;
			remoteGlobalIDString = DCAB12F72BFF846500390F27;
			remoteInfo = RickAndMorty;
		};
/* End PBXContainerItemProxy section */

/* Begin PBXFileReference section */
		DC4C64EA2C074B3800C679CC /* CharacterListInteractorTests.swift */ = {isa = PBXFileReference; lastKnownFileType = sourcecode.swift; path = CharacterListInteractorTests.swift; sourceTree = "<group>"; };
		DC4C64EC2C07C1EA00C679CC /* UIViewController+Extension.swift */ = {isa = PBXFileReference; lastKnownFileType = sourcecode.swift; path = "UIViewController+Extension.swift"; sourceTree = "<group>"; };
		DCAB12F82BFF846500390F27 /* RickAndMorty.app */ = {isa = PBXFileReference; explicitFileType = wrapper.application; includeInIndex = 0; path = RickAndMorty.app; sourceTree = BUILT_PRODUCTS_DIR; };
		DCAB12FB2BFF846500390F27 /* AppDelegate.swift */ = {isa = PBXFileReference; lastKnownFileType = sourcecode.swift; path = AppDelegate.swift; sourceTree = "<group>"; };
		DCAB12FD2BFF846500390F27 /* SceneDelegate.swift */ = {isa = PBXFileReference; lastKnownFileType = sourcecode.swift; path = SceneDelegate.swift; sourceTree = "<group>"; };
		DCAB13042BFF846600390F27 /* Assets.xcassets */ = {isa = PBXFileReference; lastKnownFileType = folder.assetcatalog; path = Assets.xcassets; sourceTree = "<group>"; };
		DCAB13072BFF846600390F27 /* Base */ = {isa = PBXFileReference; lastKnownFileType = file.storyboard; name = Base; path = Base.lproj/LaunchScreen.storyboard; sourceTree = "<group>"; };
		DCAB13092BFF846600390F27 /* Info.plist */ = {isa = PBXFileReference; lastKnownFileType = text.plist.xml; path = Info.plist; sourceTree = "<group>"; };
		DCAB130E2BFF846600390F27 /* RickAndMortyTests.xctest */ = {isa = PBXFileReference; explicitFileType = wrapper.cfbundle; includeInIndex = 0; path = RickAndMortyTests.xctest; sourceTree = BUILT_PRODUCTS_DIR; };
		DCAB13182BFF846600390F27 /* RickAndMortyUITests.xctest */ = {isa = PBXFileReference; explicitFileType = wrapper.cfbundle; includeInIndex = 0; path = RickAndMortyUITests.xctest; sourceTree = BUILT_PRODUCTS_DIR; };
		DCAB13312BFF858100390F27 /* CharacterListViewController.swift */ = {isa = PBXFileReference; lastKnownFileType = sourcecode.swift; path = CharacterListViewController.swift; sourceTree = "<group>"; };
		DCAB13332BFF858500390F27 /* CharacterListViewController.storyboard */ = {isa = PBXFileReference; lastKnownFileType = file.storyboard; path = CharacterListViewController.storyboard; sourceTree = "<group>"; };
		DCAB13352BFF858F00390F27 /* CharacterListInteractor.swift */ = {isa = PBXFileReference; lastKnownFileType = sourcecode.swift; path = CharacterListInteractor.swift; sourceTree = "<group>"; };
		DCAB13372BFF859700390F27 /* CharacterListPresenter.swift */ = {isa = PBXFileReference; lastKnownFileType = sourcecode.swift; path = CharacterListPresenter.swift; sourceTree = "<group>"; };
		DCAB13392BFF85AD00390F27 /* CharacterDetailsViewController.swift */ = {isa = PBXFileReference; lastKnownFileType = sourcecode.swift; path = CharacterDetailsViewController.swift; sourceTree = "<group>"; };
		DCAB133B2BFF85B100390F27 /* CharacterDetailsViewController.storyboard */ = {isa = PBXFileReference; lastKnownFileType = file.storyboard; path = CharacterDetailsViewController.storyboard; sourceTree = "<group>"; };
		DCAB133D2BFF85BC00390F27 /* CharacterDetailsInteractor.swift */ = {isa = PBXFileReference; lastKnownFileType = sourcecode.swift; path = CharacterDetailsInteractor.swift; sourceTree = "<group>"; };
		DCAB133F2BFF85C300390F27 /* CharacterDetailsPresenter.swift */ = {isa = PBXFileReference; lastKnownFileType = sourcecode.swift; path = CharacterDetailsPresenter.swift; sourceTree = "<group>"; };
		DCB485272C045FCC0095DEEE /* CharacterListTableViewCell.swift */ = {isa = PBXFileReference; lastKnownFileType = sourcecode.swift; path = CharacterListTableViewCell.swift; sourceTree = "<group>"; };
		DCB485282C045FCC0095DEEE /* CharacterListTableViewCell.xib */ = {isa = PBXFileReference; lastKnownFileType = file.xib; path = CharacterListTableViewCell.xib; sourceTree = "<group>"; };
		DCB4852C2C047D140095DEEE /* NetworkManager.swift */ = {isa = PBXFileReference; lastKnownFileType = sourcecode.swift; path = NetworkManager.swift; sourceTree = "<group>"; };
		DCB4852E2C047D810095DEEE /* APIEndpoints.swift */ = {isa = PBXFileReference; lastKnownFileType = sourcecode.swift; path = APIEndpoints.swift; sourceTree = "<group>"; };
		DCB485302C047DF60095DEEE /* Endpoint.swift */ = {isa = PBXFileReference; lastKnownFileType = sourcecode.swift; path = Endpoint.swift; sourceTree = "<group>"; };
		DCB485322C04814D0095DEEE /* Character.swift */ = {isa = PBXFileReference; lastKnownFileType = sourcecode.swift; path = Character.swift; sourceTree = "<group>"; };
		DCB485352C0483E80095DEEE /* UIImageView+Extension.swift */ = {isa = PBXFileReference; lastKnownFileType = sourcecode.swift; path = "UIImageView+Extension.swift"; sourceTree = "<group>"; };
		DCB4853C2C05E5E10095DEEE /* Episode.swift */ = {isa = PBXFileReference; lastKnownFileType = sourcecode.swift; path = Episode.swift; sourceTree = "<group>"; };
		DCB4853E2C05F73E0095DEEE /* EpisodeTableViewCell.swift */ = {isa = PBXFileReference; lastKnownFileType = sourcecode.swift; path = EpisodeTableViewCell.swift; sourceTree = "<group>"; };
		DCB4853F2C05F73E0095DEEE /* EpisodeTableViewCell.xib */ = {isa = PBXFileReference; lastKnownFileType = file.xib; path = EpisodeTableViewCell.xib; sourceTree = "<group>"; };
		DCB485482C0645CD0095DEEE /* EpisodeCollectionViewCell.swift */ = {isa = PBXFileReference; lastKnownFileType = sourcecode.swift; path = EpisodeCollectionViewCell.swift; sourceTree = "<group>"; };
		DCB485492C0645CD0095DEEE /* EpisodeCollectionViewCell.xib */ = {isa = PBXFileReference; lastKnownFileType = file.xib; path = EpisodeCollectionViewCell.xib; sourceTree = "<group>"; };
/* End PBXFileReference section */

/* Begin PBXFrameworksBuildPhase section */
		DCAB12F52BFF846500390F27 /* Frameworks */ = {
			isa = PBXFrameworksBuildPhase;
			buildActionMask = 2147483647;
			files = (
			);
			runOnlyForDeploymentPostprocessing = 0;
		};
		DCAB130B2BFF846600390F27 /* Frameworks */ = {
			isa = PBXFrameworksBuildPhase;
			buildActionMask = 2147483647;
			files = (
			);
			runOnlyForDeploymentPostprocessing = 0;
		};
		DCAB13152BFF846600390F27 /* Frameworks */ = {
			isa = PBXFrameworksBuildPhase;
			buildActionMask = 2147483647;
			files = (
			);
			runOnlyForDeploymentPostprocessing = 0;
		};
/* End PBXFrameworksBuildPhase section */

/* Begin PBXGroup section */
		DCAB12EF2BFF846500390F27 = {
			isa = PBXGroup;
			children = (
				DCAB12FA2BFF846500390F27 /* RickAndMorty */,
				DCAB13112BFF846600390F27 /* RickAndMortyTests */,
				DCAB12F92BFF846500390F27 /* Products */,
			);
			sourceTree = "<group>";
		};
		DCAB12F92BFF846500390F27 /* Products */ = {
			isa = PBXGroup;
			children = (
				DCAB12F82BFF846500390F27 /* RickAndMorty.app */,
				DCAB130E2BFF846600390F27 /* RickAndMortyTests.xctest */,
				DCAB13182BFF846600390F27 /* RickAndMortyUITests.xctest */,
			);
			name = Products;
			sourceTree = "<group>";
		};
		DCAB12FA2BFF846500390F27 /* RickAndMorty */ = {
			isa = PBXGroup;
			children = (
				DCAB132D2BFF853C00390F27 /* App */,
				DCAB132E2BFF854500390F27 /* Scenes */,
				DCB4852B2C047C9F0095DEEE /* Networking */,
				DCB485342C0483D40095DEEE /* Extensions */,
				DCAB132C2BFF853000390F27 /* Resources */,
				DCAB132B2BFF84FB00390F27 /* Supporting Files */,
			);
			path = RickAndMorty;
			sourceTree = "<group>";
		};
		DCAB13112BFF846600390F27 /* RickAndMortyTests */ = {
			isa = PBXGroup;
			children = (
				DC4C64EA2C074B3800C679CC /* CharacterListInteractorTests.swift */,
			);
			path = RickAndMortyTests;
			sourceTree = "<group>";
		};
		DCAB132B2BFF84FB00390F27 /* Supporting Files */ = {
			isa = PBXGroup;
			children = (
				DCAB13062BFF846600390F27 /* LaunchScreen.storyboard */,
				DCAB13092BFF846600390F27 /* Info.plist */,
			);
			path = "Supporting Files";
			sourceTree = "<group>";
		};
		DCAB132C2BFF853000390F27 /* Resources */ = {
			isa = PBXGroup;
			children = (
				DCAB13042BFF846600390F27 /* Assets.xcassets */,
			);
			path = Resources;
			sourceTree = "<group>";
		};
		DCAB132D2BFF853C00390F27 /* App */ = {
			isa = PBXGroup;
			children = (
				DCAB12FB2BFF846500390F27 /* AppDelegate.swift */,
				DCAB12FD2BFF846500390F27 /* SceneDelegate.swift */,
			);
			path = App;
			sourceTree = "<group>";
		};
		DCAB132E2BFF854500390F27 /* Scenes */ = {
			isa = PBXGroup;
			children = (
				DCAB132F2BFF854F00390F27 /* Character List */,
				DCAB13302BFF855D00390F27 /* Character Details */,
			);
			path = Scenes;
			sourceTree = "<group>";
		};
		DCAB132F2BFF854F00390F27 /* Character List */ = {
			isa = PBXGroup;
			children = (
				DCB485262C045F310095DEEE /* Character Table View Cell */,
				DCAB13312BFF858100390F27 /* CharacterListViewController.swift */,
				DCAB13332BFF858500390F27 /* CharacterListViewController.storyboard */,
				DCAB13352BFF858F00390F27 /* CharacterListInteractor.swift */,
				DCAB13372BFF859700390F27 /* CharacterListPresenter.swift */,
				DCB485322C04814D0095DEEE /* Character.swift */,
			);
			path = "Character List";
			sourceTree = "<group>";
		};
		DCAB13302BFF855D00390F27 /* Character Details */ = {
			isa = PBXGroup;
			children = (
				DCB485472C0645B40095DEEE /* Episode Collection View Cell */,
				DCB485422C05F7430095DEEE /* Episode Table View Cell */,
				DCAB13392BFF85AD00390F27 /* CharacterDetailsViewController.swift */,
				DCAB133B2BFF85B100390F27 /* CharacterDetailsViewController.storyboard */,
				DCAB133D2BFF85BC00390F27 /* CharacterDetailsInteractor.swift */,
				DCAB133F2BFF85C300390F27 /* CharacterDetailsPresenter.swift */,
				DCB4853C2C05E5E10095DEEE /* Episode.swift */,
			);
			path = "Character Details";
			sourceTree = "<group>";
		};
		DCB485262C045F310095DEEE /* Character Table View Cell */ = {
			isa = PBXGroup;
			children = (
				DCB485272C045FCC0095DEEE /* CharacterListTableViewCell.swift */,
				DCB485282C045FCC0095DEEE /* CharacterListTableViewCell.xib */,
			);
			path = "Character Table View Cell";
			sourceTree = "<group>";
		};
		DCB4852B2C047C9F0095DEEE /* Networking */ = {
			isa = PBXGroup;
			children = (
				DCB4852C2C047D140095DEEE /* NetworkManager.swift */,
				DCB485302C047DF60095DEEE /* Endpoint.swift */,
				DCB4852E2C047D810095DEEE /* APIEndpoints.swift */,
			);
			path = Networking;
			sourceTree = "<group>";
		};
		DCB485342C0483D40095DEEE /* Extensions */ = {
			isa = PBXGroup;
			children = (
				DCB485352C0483E80095DEEE /* UIImageView+Extension.swift */,
				DC4C64EC2C07C1EA00C679CC /* UIViewController+Extension.swift */,
			);
			path = Extensions;
			sourceTree = "<group>";
		};
		DCB485422C05F7430095DEEE /* Episode Table View Cell */ = {
			isa = PBXGroup;
			children = (
				DCB4853E2C05F73E0095DEEE /* EpisodeTableViewCell.swift */,
				DCB4853F2C05F73E0095DEEE /* EpisodeTableViewCell.xib */,
			);
			path = "Episode Table View Cell";
			sourceTree = "<group>";
		};
		DCB485472C0645B40095DEEE /* Episode Collection View Cell */ = {
			isa = PBXGroup;
			children = (
				DCB485482C0645CD0095DEEE /* EpisodeCollectionViewCell.swift */,
				DCB485492C0645CD0095DEEE /* EpisodeCollectionViewCell.xib */,
			);
			path = "Episode Collection View Cell";
			sourceTree = "<group>";
		};
/* End PBXGroup section */

/* Begin PBXNativeTarget section */
		DCAB12F72BFF846500390F27 /* RickAndMorty */ = {
			isa = PBXNativeTarget;
			buildConfigurationList = DCAB13222BFF846600390F27 /* Build configuration list for PBXNativeTarget "RickAndMorty" */;
			buildPhases = (
				DCAB12F42BFF846500390F27 /* Sources */,
				DCAB12F52BFF846500390F27 /* Frameworks */,
				DCAB12F62BFF846500390F27 /* Resources */,
			);
			buildRules = (
			);
			dependencies = (
			);
			name = RickAndMorty;
			productName = RickAndMorty;
			productReference = DCAB12F82BFF846500390F27 /* RickAndMorty.app */;
			productType = "com.apple.product-type.application";
		};
		DCAB130D2BFF846600390F27 /* RickAndMortyTests */ = {
			isa = PBXNativeTarget;
			buildConfigurationList = DCAB13252BFF846600390F27 /* Build configuration list for PBXNativeTarget "RickAndMortyTests" */;
			buildPhases = (
				DCAB130A2BFF846600390F27 /* Sources */,
				DCAB130B2BFF846600390F27 /* Frameworks */,
				DCAB130C2BFF846600390F27 /* Resources */,
			);
			buildRules = (
			);
			dependencies = (
				DCAB13102BFF846600390F27 /* PBXTargetDependency */,
			);
			name = RickAndMortyTests;
			productName = RickAndMortyTests;
			productReference = DCAB130E2BFF846600390F27 /* RickAndMortyTests.xctest */;
			productType = "com.apple.product-type.bundle.unit-test";
		};
		DCAB13172BFF846600390F27 /* RickAndMortyUITests */ = {
			isa = PBXNativeTarget;
			buildConfigurationList = DCAB13282BFF846600390F27 /* Build configuration list for PBXNativeTarget "RickAndMortyUITests" */;
			buildPhases = (
				DCAB13142BFF846600390F27 /* Sources */,
				DCAB13152BFF846600390F27 /* Frameworks */,
				DCAB13162BFF846600390F27 /* Resources */,
			);
			buildRules = (
			);
			dependencies = (
				DCAB131A2BFF846600390F27 /* PBXTargetDependency */,
			);
			name = RickAndMortyUITests;
			productName = RickAndMortyUITests;
			productReference = DCAB13182BFF846600390F27 /* RickAndMortyUITests.xctest */;
			productType = "com.apple.product-type.bundle.ui-testing";
		};
/* End PBXNativeTarget section */

/* Begin PBXProject section */
		DCAB12F02BFF846500390F27 /* Project object */ = {
			isa = PBXProject;
			attributes = {
				BuildIndependentTargetsInParallel = 1;
				LastSwiftUpdateCheck = 1530;
				LastUpgradeCheck = 1530;
				TargetAttributes = {
					DCAB12F72BFF846500390F27 = {
						CreatedOnToolsVersion = 15.3;
					};
					DCAB130D2BFF846600390F27 = {
						CreatedOnToolsVersion = 15.3;
						TestTargetID = DCAB12F72BFF846500390F27;
					};
					DCAB13172BFF846600390F27 = {
						CreatedOnToolsVersion = 15.3;
						TestTargetID = DCAB12F72BFF846500390F27;
					};
				};
			};
			buildConfigurationList = DCAB12F32BFF846500390F27 /* Build configuration list for PBXProject "RickAndMorty" */;
			compatibilityVersion = "Xcode 13.0";
			developmentRegion = en;
			hasScannedForEncodings = 0;
			knownRegions = (
				en,
				Base,
			);
			mainGroup = DCAB12EF2BFF846500390F27;
			productRefGroup = DCAB12F92BFF846500390F27 /* Products */;
			projectDirPath = "";
			projectRoot = "";
			targets = (
				DCAB12F72BFF846500390F27 /* RickAndMorty */,
				DCAB130D2BFF846600390F27 /* RickAndMortyTests */,
				DCAB13172BFF846600390F27 /* RickAndMortyUITests */,
			);
		};
/* End PBXProject section */

/* Begin PBXResourcesBuildPhase section */
		DCAB12F62BFF846500390F27 /* Resources */ = {
			isa = PBXResourcesBuildPhase;
			buildActionMask = 2147483647;
			files = (
				DCAB13052BFF846600390F27 /* Assets.xcassets in Resources */,
				DCB485412C05F73E0095DEEE /* EpisodeTableViewCell.xib in Resources */,
				DCB4854B2C0645CD0095DEEE /* EpisodeCollectionViewCell.xib in Resources */,
				DCAB13342BFF858500390F27 /* CharacterListViewController.storyboard in Resources */,
				DCAB133C2BFF85B100390F27 /* CharacterDetailsViewController.storyboard in Resources */,
				DCB4852A2C045FCC0095DEEE /* CharacterListTableViewCell.xib in Resources */,
				DCAB13082BFF846600390F27 /* Base in Resources */,
			);
			runOnlyForDeploymentPostprocessing = 0;
		};
		DCAB130C2BFF846600390F27 /* Resources */ = {
			isa = PBXResourcesBuildPhase;
			buildActionMask = 2147483647;
			files = (
			);
			runOnlyForDeploymentPostprocessing = 0;
		};
		DCAB13162BFF846600390F27 /* Resources */ = {
			isa = PBXResourcesBuildPhase;
			buildActionMask = 2147483647;
			files = (
			);
			runOnlyForDeploymentPostprocessing = 0;
		};
/* End PBXResourcesBuildPhase section */

/* Begin PBXSourcesBuildPhase section */
		DCAB12F42BFF846500390F27 /* Sources */ = {
			isa = PBXSourcesBuildPhase;
			buildActionMask = 2147483647;
			files = (
				DC4C64ED2C07C1EA00C679CC /* UIViewController+Extension.swift in Sources */,
				DCB485332C04814D0095DEEE /* Character.swift in Sources */,
				DCB485402C05F73E0095DEEE /* EpisodeTableViewCell.swift in Sources */,
				DCAB13362BFF858F00390F27 /* CharacterListInteractor.swift in Sources */,
				DCB4852F2C047D810095DEEE /* APIEndpoints.swift in Sources */,
				DCAB13382BFF859700390F27 /* CharacterListPresenter.swift in Sources */,
				DCB4852D2C047D140095DEEE /* NetworkManager.swift in Sources */,
				DCB485292C045FCC0095DEEE /* CharacterListTableViewCell.swift in Sources */,
				DCAB12FC2BFF846500390F27 /* AppDelegate.swift in Sources */,
				DCAB13322BFF858100390F27 /* CharacterListViewController.swift in Sources */,
				DCB4854A2C0645CD0095DEEE /* EpisodeCollectionViewCell.swift in Sources */,
				DCAB12FE2BFF846500390F27 /* SceneDelegate.swift in Sources */,
				DCAB13402BFF85C300390F27 /* CharacterDetailsPresenter.swift in Sources */,
				DCAB133A2BFF85AD00390F27 /* CharacterDetailsViewController.swift in Sources */,
				DCB485312C047DF60095DEEE /* Endpoint.swift in Sources */,
				DCB485362C0483E80095DEEE /* UIImageView+Extension.swift in Sources */,
				DCB4853D2C05E5E10095DEEE /* Episode.swift in Sources */,
				DCAB133E2BFF85BC00390F27 /* CharacterDetailsInteractor.swift in Sources */,
			);
			runOnlyForDeploymentPostprocessing = 0;
		};
		DCAB130A2BFF846600390F27 /* Sources */ = {
			isa = PBXSourcesBuildPhase;
			buildActionMask = 2147483647;
			files = (
				DC4C64EB2C074B3900C679CC /* CharacterListInteractorTests.swift in Sources */,
			);
			runOnlyForDeploymentPostprocessing = 0;
		};
		DCAB13142BFF846600390F27 /* Sources */ = {
			isa = PBXSourcesBuildPhase;
			buildActionMask = 2147483647;
			files = (
			);
			runOnlyForDeploymentPostprocessing = 0;
		};
/* End PBXSourcesBuildPhase section */

/* Begin PBXTargetDependency section */
		DCAB13102BFF846600390F27 /* PBXTargetDependency */ = {
			isa = PBXTargetDependency;
			target = DCAB12F72BFF846500390F27 /* RickAndMorty */;
			targetProxy = DCAB130F2BFF846600390F27 /* PBXContainerItemProxy */;
		};
		DCAB131A2BFF846600390F27 /* PBXTargetDependency */ = {
			isa = PBXTargetDependency;
			target = DCAB12F72BFF846500390F27 /* RickAndMorty */;
			targetProxy = DCAB13192BFF846600390F27 /* PBXContainerItemProxy */;
		};
/* End PBXTargetDependency section */

/* Begin PBXVariantGroup section */
		DCAB13062BFF846600390F27 /* LaunchScreen.storyboard */ = {
			isa = PBXVariantGroup;
			children = (
				DCAB13072BFF846600390F27 /* Base */,
			);
			name = LaunchScreen.storyboard;
			sourceTree = "<group>";
		};
/* End PBXVariantGroup section */

/* Begin XCBuildConfiguration section */
		DCAB13202BFF846600390F27 /* Debug */ = {
			isa = XCBuildConfiguration;
			buildSettings = {
				ALWAYS_SEARCH_USER_PATHS = NO;
				ASSETCATALOG_COMPILER_GENERATE_SWIFT_ASSET_SYMBOL_EXTENSIONS = YES;
				CLANG_ANALYZER_NONNULL = YES;
				CLANG_ANALYZER_NUMBER_OBJECT_CONVERSION = YES_AGGRESSIVE;
				CLANG_CXX_LANGUAGE_STANDARD = "gnu++20";
				CLANG_ENABLE_MODULES = YES;
				CLANG_ENABLE_OBJC_ARC = YES;
				CLANG_ENABLE_OBJC_WEAK = YES;
				CLANG_WARN_BLOCK_CAPTURE_AUTORELEASING = YES;
				CLANG_WARN_BOOL_CONVERSION = YES;
				CLANG_WARN_COMMA = YES;
				CLANG_WARN_CONSTANT_CONVERSION = YES;
				CLANG_WARN_DEPRECATED_OBJC_IMPLEMENTATIONS = YES;
				CLANG_WARN_DIRECT_OBJC_ISA_USAGE = YES_ERROR;
				CLANG_WARN_DOCUMENTATION_COMMENTS = YES;
				CLANG_WARN_EMPTY_BODY = YES;
				CLANG_WARN_ENUM_CONVERSION = YES;
				CLANG_WARN_INFINITE_RECURSION = YES;
				CLANG_WARN_INT_CONVERSION = YES;
				CLANG_WARN_NON_LITERAL_NULL_CONVERSION = YES;
				CLANG_WARN_OBJC_IMPLICIT_RETAIN_SELF = YES;
				CLANG_WARN_OBJC_LITERAL_CONVERSION = YES;
				CLANG_WARN_OBJC_ROOT_CLASS = YES_ERROR;
				CLANG_WARN_QUOTED_INCLUDE_IN_FRAMEWORK_HEADER = YES;
				CLANG_WARN_RANGE_LOOP_ANALYSIS = YES;
				CLANG_WARN_STRICT_PROTOTYPES = YES;
				CLANG_WARN_SUSPICIOUS_MOVE = YES;
				CLANG_WARN_UNGUARDED_AVAILABILITY = YES_AGGRESSIVE;
				CLANG_WARN_UNREACHABLE_CODE = YES;
				CLANG_WARN__DUPLICATE_METHOD_MATCH = YES;
				COPY_PHASE_STRIP = NO;
				DEBUG_INFORMATION_FORMAT = dwarf;
				ENABLE_STRICT_OBJC_MSGSEND = YES;
				ENABLE_TESTABILITY = YES;
				ENABLE_USER_SCRIPT_SANDBOXING = YES;
				GCC_C_LANGUAGE_STANDARD = gnu17;
				GCC_DYNAMIC_NO_PIC = NO;
				GCC_NO_COMMON_BLOCKS = YES;
				GCC_OPTIMIZATION_LEVEL = 0;
				GCC_PREPROCESSOR_DEFINITIONS = (
					"DEBUG=1",
					"$(inherited)",
				);
				GCC_WARN_64_TO_32_BIT_CONVERSION = YES;
				GCC_WARN_ABOUT_RETURN_TYPE = YES_ERROR;
				GCC_WARN_UNDECLARED_SELECTOR = YES;
				GCC_WARN_UNINITIALIZED_AUTOS = YES_AGGRESSIVE;
				GCC_WARN_UNUSED_FUNCTION = YES;
				GCC_WARN_UNUSED_VARIABLE = YES;
				IPHONEOS_DEPLOYMENT_TARGET = 17.4;
				LOCALIZATION_PREFERS_STRING_CATALOGS = YES;
				MTL_ENABLE_DEBUG_INFO = INCLUDE_SOURCE;
				MTL_FAST_MATH = YES;
				ONLY_ACTIVE_ARCH = YES;
				SDKROOT = iphoneos;
				SWIFT_ACTIVE_COMPILATION_CONDITIONS = "DEBUG $(inherited)";
				SWIFT_OPTIMIZATION_LEVEL = "-Onone";
			};
			name = Debug;
		};
		DCAB13212BFF846600390F27 /* Release */ = {
			isa = XCBuildConfiguration;
			buildSettings = {
				ALWAYS_SEARCH_USER_PATHS = NO;
				ASSETCATALOG_COMPILER_GENERATE_SWIFT_ASSET_SYMBOL_EXTENSIONS = YES;
				CLANG_ANALYZER_NONNULL = YES;
				CLANG_ANALYZER_NUMBER_OBJECT_CONVERSION = YES_AGGRESSIVE;
				CLANG_CXX_LANGUAGE_STANDARD = "gnu++20";
				CLANG_ENABLE_MODULES = YES;
				CLANG_ENABLE_OBJC_ARC = YES;
				CLANG_ENABLE_OBJC_WEAK = YES;
				CLANG_WARN_BLOCK_CAPTURE_AUTORELEASING = YES;
				CLANG_WARN_BOOL_CONVERSION = YES;
				CLANG_WARN_COMMA = YES;
				CLANG_WARN_CONSTANT_CONVERSION = YES;
				CLANG_WARN_DEPRECATED_OBJC_IMPLEMENTATIONS = YES;
				CLANG_WARN_DIRECT_OBJC_ISA_USAGE = YES_ERROR;
				CLANG_WARN_DOCUMENTATION_COMMENTS = YES;
				CLANG_WARN_EMPTY_BODY = YES;
				CLANG_WARN_ENUM_CONVERSION = YES;
				CLANG_WARN_INFINITE_RECURSION = YES;
				CLANG_WARN_INT_CONVERSION = YES;
				CLANG_WARN_NON_LITERAL_NULL_CONVERSION = YES;
				CLANG_WARN_OBJC_IMPLICIT_RETAIN_SELF = YES;
				CLANG_WARN_OBJC_LITERAL_CONVERSION = YES;
				CLANG_WARN_OBJC_ROOT_CLASS = YES_ERROR;
				CLANG_WARN_QUOTED_INCLUDE_IN_FRAMEWORK_HEADER = YES;
				CLANG_WARN_RANGE_LOOP_ANALYSIS = YES;
				CLANG_WARN_STRICT_PROTOTYPES = YES;
				CLANG_WARN_SUSPICIOUS_MOVE = YES;
				CLANG_WARN_UNGUARDED_AVAILABILITY = YES_AGGRESSIVE;
				CLANG_WARN_UNREACHABLE_CODE = YES;
				CLANG_WARN__DUPLICATE_METHOD_MATCH = YES;
				COPY_PHASE_STRIP = NO;
				DEBUG_INFORMATION_FORMAT = "dwarf-with-dsym";
				ENABLE_NS_ASSERTIONS = NO;
				ENABLE_STRICT_OBJC_MSGSEND = YES;
				ENABLE_USER_SCRIPT_SANDBOXING = YES;
				GCC_C_LANGUAGE_STANDARD = gnu17;
				GCC_NO_COMMON_BLOCKS = YES;
				GCC_WARN_64_TO_32_BIT_CONVERSION = YES;
				GCC_WARN_ABOUT_RETURN_TYPE = YES_ERROR;
				GCC_WARN_UNDECLARED_SELECTOR = YES;
				GCC_WARN_UNINITIALIZED_AUTOS = YES_AGGRESSIVE;
				GCC_WARN_UNUSED_FUNCTION = YES;
				GCC_WARN_UNUSED_VARIABLE = YES;
				IPHONEOS_DEPLOYMENT_TARGET = 17.4;
				LOCALIZATION_PREFERS_STRING_CATALOGS = YES;
				MTL_ENABLE_DEBUG_INFO = NO;
				MTL_FAST_MATH = YES;
				SDKROOT = iphoneos;
				SWIFT_COMPILATION_MODE = wholemodule;
				VALIDATE_PRODUCT = YES;
			};
			name = Release;
		};
		DCAB13232BFF846600390F27 /* Debug */ = {
			isa = XCBuildConfiguration;
			buildSettings = {
				ASSETCATALOG_COMPILER_APPICON_NAME = AppIcon;
				ASSETCATALOG_COMPILER_GLOBAL_ACCENT_COLOR_NAME = AccentColor;
				CODE_SIGN_STYLE = Automatic;
				CURRENT_PROJECT_VERSION = 1;
				GENERATE_INFOPLIST_FILE = YES;
				INFOPLIST_FILE = "RickAndMorty/Supporting Files/Info.plist";
				INFOPLIST_KEY_UIApplicationSupportsIndirectInputEvents = YES;
				INFOPLIST_KEY_UILaunchStoryboardName = LaunchScreen;
				INFOPLIST_KEY_UISupportedInterfaceOrientations = "UIInterfaceOrientationLandscapeLeft UIInterfaceOrientationLandscapeRight UIInterfaceOrientationPortrait";
				IPHONEOS_DEPLOYMENT_TARGET = 16.0;
				LD_RUNPATH_SEARCH_PATHS = (
					"$(inherited)",
					"@executable_path/Frameworks",
				);
				MARKETING_VERSION = 1.0;
				PRODUCT_BUNDLE_IDENTIFIER = com.RickAndMorty;
				PRODUCT_NAME = "$(TARGET_NAME)";
				SWIFT_EMIT_LOC_STRINGS = YES;
				SWIFT_VERSION = 5.0;
				TARGETED_DEVICE_FAMILY = "1,2";
			};
			name = Debug;
		};
		DCAB13242BFF846600390F27 /* Release */ = {
			isa = XCBuildConfiguration;
			buildSettings = {
				ASSETCATALOG_COMPILER_APPICON_NAME = AppIcon;
				ASSETCATALOG_COMPILER_GLOBAL_ACCENT_COLOR_NAME = AccentColor;
				CODE_SIGN_STYLE = Automatic;
				CURRENT_PROJECT_VERSION = 1;
				GENERATE_INFOPLIST_FILE = YES;
				INFOPLIST_FILE = "RickAndMorty/Supporting Files/Info.plist";
				INFOPLIST_KEY_UIApplicationSupportsIndirectInputEvents = YES;
				INFOPLIST_KEY_UILaunchStoryboardName = LaunchScreen;
				INFOPLIST_KEY_UISupportedInterfaceOrientations = "UIInterfaceOrientationLandscapeLeft UIInterfaceOrientationLandscapeRight UIInterfaceOrientationPortrait";
				IPHONEOS_DEPLOYMENT_TARGET = 16.0;
				LD_RUNPATH_SEARCH_PATHS = (
					"$(inherited)",
					"@executable_path/Frameworks",
				);
				MARKETING_VERSION = 1.0;
				PRODUCT_BUNDLE_IDENTIFIER = com.RickAndMorty;
				PRODUCT_NAME = "$(TARGET_NAME)";
				SWIFT_EMIT_LOC_STRINGS = YES;
				SWIFT_VERSION = 5.0;
				TARGETED_DEVICE_FAMILY = "1,2";
			};
			name = Release;
		};
		DCAB13262BFF846600390F27 /* Debug */ = {
			isa = XCBuildConfiguration;
			buildSettings = {
				ALWAYS_EMBED_SWIFT_STANDARD_LIBRARIES = YES;
				BUNDLE_LOADER = "$(TEST_HOST)";
				CODE_SIGN_STYLE = Automatic;
				CURRENT_PROJECT_VERSION = 1;
				GENERATE_INFOPLIST_FILE = YES;
				IPHONEOS_DEPLOYMENT_TARGET = 17.4;
				MARKETING_VERSION = 1.0;
				PRODUCT_BUNDLE_IDENTIFIER = com.RickAndMortyTests;
				PRODUCT_NAME = "$(TARGET_NAME)";
				SWIFT_EMIT_LOC_STRINGS = NO;
				SWIFT_VERSION = 5.0;
				TARGETED_DEVICE_FAMILY = "1,2";
				TEST_HOST = "$(BUILT_PRODUCTS_DIR)/RickAndMorty.app/$(BUNDLE_EXECUTABLE_FOLDER_PATH)/RickAndMorty";
			};
			name = Debug;
		};
		DCAB13272BFF846600390F27 /* Release */ = {
			isa = XCBuildConfiguration;
			buildSettings = {
				ALWAYS_EMBED_SWIFT_STANDARD_LIBRARIES = YES;
				BUNDLE_LOADER = "$(TEST_HOST)";
				CODE_SIGN_STYLE = Automatic;
				CURRENT_PROJECT_VERSION = 1;
				GENERATE_INFOPLIST_FILE = YES;
				IPHONEOS_DEPLOYMENT_TARGET = 17.4;
				MARKETING_VERSION = 1.0;
				PRODUCT_BUNDLE_IDENTIFIER = com.RickAndMortyTests;
				PRODUCT_NAME = "$(TARGET_NAME)";
				SWIFT_EMIT_LOC_STRINGS = NO;
				SWIFT_VERSION = 5.0;
				TARGETED_DEVICE_FAMILY = "1,2";
				TEST_HOST = "$(BUILT_PRODUCTS_DIR)/RickAndMorty.app/$(BUNDLE_EXECUTABLE_FOLDER_PATH)/RickAndMorty";
			};
			name = Release;
		};
		DCAB13292BFF846600390F27 /* Debug */ = {
			isa = XCBuildConfiguration;
			buildSettings = {
				ALWAYS_EMBED_SWIFT_STANDARD_LIBRARIES = YES;
				CODE_SIGN_STYLE = Automatic;
				CURRENT_PROJECT_VERSION = 1;
				GENERATE_INFOPLIST_FILE = YES;
				MARKETING_VERSION = 1.0;
				PRODUCT_BUNDLE_IDENTIFIER = com.RickAndMortyUITests;
				PRODUCT_NAME = "$(TARGET_NAME)";
				SWIFT_EMIT_LOC_STRINGS = NO;
				SWIFT_VERSION = 5.0;
				TARGETED_DEVICE_FAMILY = "1,2";
				TEST_TARGET_NAME = RickAndMorty;
			};
			name = Debug;
		};
		DCAB132A2BFF846600390F27 /* Release */ = {
			isa = XCBuildConfiguration;
			buildSettings = {
				ALWAYS_EMBED_SWIFT_STANDARD_LIBRARIES = YES;
				CODE_SIGN_STYLE = Automatic;
				CURRENT_PROJECT_VERSION = 1;
				GENERATE_INFOPLIST_FILE = YES;
				MARKETING_VERSION = 1.0;
				PRODUCT_BUNDLE_IDENTIFIER = com.RickAndMortyUITests;
				PRODUCT_NAME = "$(TARGET_NAME)";
				SWIFT_EMIT_LOC_STRINGS = NO;
				SWIFT_VERSION = 5.0;
				TARGETED_DEVICE_FAMILY = "1,2";
				TEST_TARGET_NAME = RickAndMorty;
			};
			name = Release;
		};
/* End XCBuildConfiguration section */

/* Begin XCConfigurationList section */
		DCAB12F32BFF846500390F27 /* Build configuration list for PBXProject "RickAndMorty" */ = {
			isa = XCConfigurationList;
			buildConfigurations = (
				DCAB13202BFF846600390F27 /* Debug */,
				DCAB13212BFF846600390F27 /* Release */,
			);
			defaultConfigurationIsVisible = 0;
			defaultConfigurationName = Release;
		};
		DCAB13222BFF846600390F27 /* Build configuration list for PBXNativeTarget "RickAndMorty" */ = {
			isa = XCConfigurationList;
			buildConfigurations = (
				DCAB13232BFF846600390F27 /* Debug */,
				DCAB13242BFF846600390F27 /* Release */,
			);
			defaultConfigurationIsVisible = 0;
			defaultConfigurationName = Release;
		};
		DCAB13252BFF846600390F27 /* Build configuration list for PBXNativeTarget "RickAndMortyTests" */ = {
			isa = XCConfigurationList;
			buildConfigurations = (
				DCAB13262BFF846600390F27 /* Debug */,
				DCAB13272BFF846600390F27 /* Release */,
			);
			defaultConfigurationIsVisible = 0;
			defaultConfigurationName = Release;
		};
		DCAB13282BFF846600390F27 /* Build configuration list for PBXNativeTarget "RickAndMortyUITests" */ = {
			isa = XCConfigurationList;
			buildConfigurations = (
				DCAB13292BFF846600390F27 /* Debug */,
				DCAB132A2BFF846600390F27 /* Release */,
			);
			defaultConfigurationIsVisible = 0;
			defaultConfigurationName = Release;
		};
/* End XCConfigurationList section */
	};
	rootObject = DCAB12F02BFF846500390F27 /* Project object */;
}
